
Microsoft Visual Studio Solution File, Format Version 12.00
# Visual Studio Version 16
VisualStudioVersion = 16.0.30907.101
MinimumVisualStudioVersion = 10.0.40219.1
Project("{FAE04EC0-301F-11D3-BF4B-00C04F79EFBC}") = "JQueryAJAX", "JQueryAJAX\JQueryAJAX.csproj", "{EABD949D-2216-4D70-BFB6-B8E92B56B13F}"
EndProject
Global
	GlobalSection(SolutionConfigurationPlatforms) = preSolution
		Debug|Any CPU = Debug|Any CPU
		Release|Any CPU = Release|Any CPU
	EndGlobalSection
	GlobalSection(ProjectConfigurationPlatforms) = postSolution
		{EABD949D-2216-4D70-BFB6-B8E92B56B13F}.Debug|Any CPU.ActiveCfg = Debug|Any CPU
		{EABD949D-2216-4D70-BFB6-B8E92B56B13F}.Debug|Any CPU.Build.0 = Debug|Any CPU
		{EABD949D-2216-4D70-BFB6-B8E92B56B13F}.Release|Any CPU.ActiveCfg = Release|Any CPU
		{EABD949D-2216-4D70-BFB6-B8E92B56B13F}.Release|Any CPU.Build.0 = Release|Any CPU
	EndGlobalSection
	GlobalSection(SolutionProperties) = preSolution
		HideSolutionNode = FALSE
	EndGlobalSection
	GlobalSection(ExtensibilityGlobals) = postSolution
		SolutionGuid = {2A168546-B7B8-46C5-9F7A-FDCAB6176199}
	EndGlobalSection
EndGlobal
